{
  "allow_builds": true,
  "allow_prereleases": false,
  "allow_wheels": true,
  "build_isolation": true,
  "constraints": [],
  "locked_resolves": [
    {
      "locked_requirements": [
        {
          "artifacts": [
            {
              "algorithm": "sha256",
              "hash": "95f1d6a83ef2729e67b3fa7318c829ce5b07ac64c084cd6af11c228e0364662c",
              "url": "https://files.pythonhosted.org/packages/7e/26/9d8de10005fedb1eceabe713348d43bae1dbab1786042ca0751a2e2b0f8c/Cython-0.29.37-py2.py3-none-any.whl"
            }
          ],
          "project_name": "cython",
          "requires_dists": [],
          "requires_python": "!=3.0.*,!=3.1.*,!=3.2.*,>=2.6",
          "version": "0.29.37"
        },
        {
          "artifacts": [
            {
              "algorithm": "sha256",
              "hash": "385eb4edd9c9d5c17540511303e39a147ce2fc04bc55289c322b9e5904fe2c05",
              "url": "https://files.pythonhosted.org/packages/55/3a/5121b58b578a598b269537e09a316ad2a94fdd561a2c6eb75cd68578cc6b/setuptools-69.0.3-py3-none-any.whl"
            }
          ],
          "project_name": "setuptools",
          "requires_dists": [
            "build[virtualenv]; extra == \"testing\"",
            "build[virtualenv]>=1.0.3; extra == \"testing-integration\"",
            "filelock>=3.4.0; extra == \"testing\"",
            "filelock>=3.4.0; extra == \"testing-integration\"",
            "flake8-2020; extra == \"testing\"",
            "furo; extra == \"docs\"",
            "ini2toml[lite]>=0.9; extra == \"testing\"",
            "jaraco.develop>=7.21; (python_version >= \"3.9\" and sys_platform != \"cygwin\") and extra == \"testing\"",
            "jaraco.envs>=2.2; extra == \"testing\"",
            "jaraco.envs>=2.2; extra == \"testing-integration\"",
            "jaraco.packaging>=9.3; extra == \"docs\"",
            "jaraco.path>=3.2.0; extra == \"testing\"",
            "jaraco.path>=3.2.0; extra == \"testing-integration\"",
            "jaraco.tidelift>=1.4; extra == \"docs\"",
            "packaging>=23.1; extra == \"testing-integration\"",
            "pip>=19.1; extra == \"testing\"",
            "pygments-github-lexers==0.0.5; extra == \"docs\"",
            "pytest-black>=0.3.7; platform_python_implementation != \"PyPy\" and extra == \"testing\"",
            "pytest-checkdocs>=2.4; extra == \"testing\"",
            "pytest-cov; platform_python_implementation != \"PyPy\" and extra == \"testing\"",
            "pytest-enabler; extra == \"testing-integration\"",
            "pytest-enabler>=2.2; extra == \"testing\"",
            "pytest-mypy>=0.9.1; platform_python_implementation != \"PyPy\" and extra == \"testing\"",
            "pytest-perf; sys_platform != \"cygwin\" and extra == \"testing\"",
            "pytest-ruff; sys_platform != \"cygwin\" and extra == \"testing\"",
            "pytest-timeout; extra == \"testing\"",
            "pytest-xdist; extra == \"testing\"",
            "pytest-xdist; extra == \"testing-integration\"",
            "pytest; extra == \"testing-integration\"",
            "pytest>=6; extra == \"testing\"",
            "rst.linker>=1.9; extra == \"docs\"",
            "sphinx-favicon; extra == \"docs\"",
            "sphinx-inline-tabs; extra == \"docs\"",
            "sphinx-lint; extra == \"docs\"",
            "sphinx-notfound-page<2,>=1; extra == \"docs\"",
            "sphinx-reredirects; extra == \"docs\"",
            "sphinx<7.2.5; extra == \"docs\"",
            "sphinx>=3.5; extra == \"docs\"",
            "sphinxcontrib-towncrier; extra == \"docs\"",
            "tomli-w>=1.0.0; extra == \"testing\"",
            "tomli; extra == \"testing-integration\"",
            "virtualenv>=13.0.0; extra == \"testing\"",
            "virtualenv>=13.0.0; extra == \"testing-integration\"",
            "wheel; extra == \"testing\"",
            "wheel; extra == \"testing-integration\""
          ],
          "requires_python": ">=3.8",
          "version": "69.0.3"
        },
        {
          "artifacts": [
            {
              "algorithm": "sha256",
              "hash": "177f9c9b0d45c47873b619f5b650346d632cdc35fb5e4d25058e09c9e581433d",
              "url": "https://files.pythonhosted.org/packages/c7/c3/55076fc728723ef927521abaa1955213d094933dc36d4a2008d5101e1af5/wheel-0.42.0-py3-none-any.whl"
            }
          ],
          "project_name": "wheel",
          "requires_dists": [
            "pytest>=6.0.0; extra == \"test\"",
            "setuptools>=65; extra == \"test\""
          ],
          "requires_python": ">=3.7",
          "version": "0.42.0"
        }
      ],
      "platform_tag": [
        "cp310",
        "cp310",
        "macosx_11_0_arm64"
      ]
    },
    {
      "locked_requirements": [
        {
          "artifacts": [
            {
              "algorithm": "sha256",
              "hash": "95f1d6a83ef2729e67b3fa7318c829ce5b07ac64c084cd6af11c228e0364662c",
              "url": "https://files.pythonhosted.org/packages/7e/26/9d8de10005fedb1eceabe713348d43bae1dbab1786042ca0751a2e2b0f8c/Cython-0.29.37-py2.py3-none-any.whl"
            }
          ],
          "project_name": "cython",
          "requires_dists": [],
          "requires_python": "!=3.0.*,!=3.1.*,!=3.2.*,>=2.6",
          "version": "0.29.37"
        },
        {
          "artifacts": [
            {
              "algorithm": "sha256",
              "hash": "385eb4edd9c9d5c17540511303e39a147ce2fc04bc55289c322b9e5904fe2c05",
              "url": "https://files.pythonhosted.org/packages/55/3a/5121b58b578a598b269537e09a316ad2a94fdd561a2c6eb75cd68578cc6b/setuptools-69.0.3-py3-none-any.whl"
            }
          ],
          "project_name": "setuptools",
          "requires_dists": [
            "build[virtualenv]; extra == \"testing\"",
            "build[virtualenv]>=1.0.3; extra == \"testing-integration\"",
            "filelock>=3.4.0; extra == \"testing\"",
            "filelock>=3.4.0; extra == \"testing-integration\"",
            "flake8-2020; extra == \"testing\"",
            "furo; extra == \"docs\"",
            "ini2toml[lite]>=0.9; extra == \"testing\"",
            "jaraco.develop>=7.21; (python_version >= \"3.9\" and sys_platform != \"cygwin\") and extra == \"testing\"",
            "jaraco.envs>=2.2; extra == \"testing\"",
            "jaraco.envs>=2.2; extra == \"testing-integration\"",
            "jaraco.packaging>=9.3; extra == \"docs\"",
            "jaraco.path>=3.2.0; extra == \"testing\"",
            "jaraco.path>=3.2.0; extra == \"testing-integration\"",
            "jaraco.tidelift>=1.4; extra == \"docs\"",
            "packaging>=23.1; extra == \"testing-integration\"",
            "pip>=19.1; extra == \"testing\"",
            "pygments-github-lexers==0.0.5; extra == \"docs\"",
            "pytest-black>=0.3.7; platform_python_implementation != \"PyPy\" and extra == \"testing\"",
            "pytest-checkdocs>=2.4; extra == \"testing\"",
            "pytest-cov; platform_python_implementation != \"PyPy\" and extra == \"testing\"",
            "pytest-enabler; extra == \"testing-integration\"",
            "pytest-enabler>=2.2; extra == \"testing\"",
            "pytest-mypy>=0.9.1; platform_python_implementation != \"PyPy\" and extra == \"testing\"",
            "pytest-perf; sys_platform != \"cygwin\" and extra == \"testing\"",
            "pytest-ruff; sys_platform != \"cygwin\" and extra == \"testing\"",
            "pytest-timeout; extra == \"testing\"",
            "pytest-xdist; extra == \"testing\"",
            "pytest-xdist; extra == \"testing-integration\"",
            "pytest; extra == \"testing-integration\"",
            "pytest>=6; extra == \"testing\"",
            "rst.linker>=1.9; extra == \"docs\"",
            "sphinx-favicon; extra == \"docs\"",
            "sphinx-inline-tabs; extra == \"docs\"",
            "sphinx-lint; extra == \"docs\"",
            "sphinx-notfound-page<2,>=1; extra == \"docs\"",
            "sphinx-reredirects; extra == \"docs\"",
            "sphinx<7.2.5; extra == \"docs\"",
            "sphinx>=3.5; extra == \"docs\"",
            "sphinxcontrib-towncrier; extra == \"docs\"",
            "tomli-w>=1.0.0; extra == \"testing\"",
            "tomli; extra == \"testing-integration\"",
            "virtualenv>=13.0.0; extra == \"testing\"",
            "virtualenv>=13.0.0; extra == \"testing-integration\"",
            "wheel; extra == \"testing\"",
            "wheel; extra == \"testing-integration\""
          ],
          "requires_python": ">=3.8",
          "version": "69.0.3"
        },
        {
          "artifacts": [
            {
              "algorithm": "sha256",
              "hash": "177f9c9b0d45c47873b619f5b650346d632cdc35fb5e4d25058e09c9e581433d",
              "url": "https://files.pythonhosted.org/packages/c7/c3/55076fc728723ef927521abaa1955213d094933dc36d4a2008d5101e1af5/wheel-0.42.0-py3-none-any.whl"
            }
          ],
          "project_name": "wheel",
          "requires_dists": [
            "pytest>=6.0.0; extra == \"test\"",
            "setuptools>=65; extra == \"test\""
          ],
          "requires_python": ">=3.7",
          "version": "0.42.0"
        }
      ],
      "platform_tag": [
        "cp311",
        "cp311",
        "macosx_11_0_arm64"
      ]
    },
    {
      "locked_requirements": [
        {
          "artifacts": [
            {
              "algorithm": "sha256",
              "hash": "95f1d6a83ef2729e67b3fa7318c829ce5b07ac64c084cd6af11c228e0364662c",
              "url": "https://files.pythonhosted.org/packages/7e/26/9d8de10005fedb1eceabe713348d43bae1dbab1786042ca0751a2e2b0f8c/Cython-0.29.37-py2.py3-none-any.whl"
            }
          ],
          "project_name": "cython",
          "requires_dists": [],
          "requires_python": "!=3.0.*,!=3.1.*,!=3.2.*,>=2.6",
          "version": "0.29.37"
        },
        {
          "artifacts": [
            {
              "algorithm": "sha256",
              "hash": "385eb4edd9c9d5c17540511303e39a147ce2fc04bc55289c322b9e5904fe2c05",
              "url": "https://files.pythonhosted.org/packages/55/3a/5121b58b578a598b269537e09a316ad2a94fdd561a2c6eb75cd68578cc6b/setuptools-69.0.3-py3-none-any.whl"
            }
          ],
          "project_name": "setuptools",
          "requires_dists": [
            "build[virtualenv]; extra == \"testing\"",
            "build[virtualenv]>=1.0.3; extra == \"testing-integration\"",
            "filelock>=3.4.0; extra == \"testing\"",
            "filelock>=3.4.0; extra == \"testing-integration\"",
            "flake8-2020; extra == \"testing\"",
            "furo; extra == \"docs\"",
            "ini2toml[lite]>=0.9; extra == \"testing\"",
            "jaraco.develop>=7.21; (python_version >= \"3.9\" and sys_platform != \"cygwin\") and extra == \"testing\"",
            "jaraco.envs>=2.2; extra == \"testing\"",
            "jaraco.envs>=2.2; extra == \"testing-integration\"",
            "jaraco.packaging>=9.3; extra == \"docs\"",
            "jaraco.path>=3.2.0; extra == \"testing\"",
            "jaraco.path>=3.2.0; extra == \"testing-integration\"",
            "jaraco.tidelift>=1.4; extra == \"docs\"",
            "packaging>=23.1; extra == \"testing-integration\"",
            "pip>=19.1; extra == \"testing\"",
            "pygments-github-lexers==0.0.5; extra == \"docs\"",
            "pytest-black>=0.3.7; platform_python_implementation != \"PyPy\" and extra == \"testing\"",
            "pytest-checkdocs>=2.4; extra == \"testing\"",
            "pytest-cov; platform_python_implementation != \"PyPy\" and extra == \"testing\"",
            "pytest-enabler; extra == \"testing-integration\"",
            "pytest-enabler>=2.2; extra == \"testing\"",
            "pytest-mypy>=0.9.1; platform_python_implementation != \"PyPy\" and extra == \"testing\"",
            "pytest-perf; sys_platform != \"cygwin\" and extra == \"testing\"",
            "pytest-ruff; sys_platform != \"cygwin\" and extra == \"testing\"",
            "pytest-timeout; extra == \"testing\"",
            "pytest-xdist; extra == \"testing\"",
            "pytest-xdist; extra == \"testing-integration\"",
            "pytest; extra == \"testing-integration\"",
            "pytest>=6; extra == \"testing\"",
            "rst.linker>=1.9; extra == \"docs\"",
            "sphinx-favicon; extra == \"docs\"",
            "sphinx-inline-tabs; extra == \"docs\"",
            "sphinx-lint; extra == \"docs\"",
            "sphinx-notfound-page<2,>=1; extra == \"docs\"",
            "sphinx-reredirects; extra == \"docs\"",
            "sphinx<7.2.5; extra == \"docs\"",
            "sphinx>=3.5; extra == \"docs\"",
            "sphinxcontrib-towncrier; extra == \"docs\"",
            "tomli-w>=1.0.0; extra == \"testing\"",
            "tomli; extra == \"testing-integration\"",
            "virtualenv>=13.0.0; extra == \"testing\"",
            "virtualenv>=13.0.0; extra == \"testing-integration\"",
            "wheel; extra == \"testing\"",
            "wheel; extra == \"testing-integration\""
          ],
          "requires_python": ">=3.8",
          "version": "69.0.3"
        },
        {
          "artifacts": [
            {
              "algorithm": "sha256",
              "hash": "177f9c9b0d45c47873b619f5b650346d632cdc35fb5e4d25058e09c9e581433d",
              "url": "https://files.pythonhosted.org/packages/c7/c3/55076fc728723ef927521abaa1955213d094933dc36d4a2008d5101e1af5/wheel-0.42.0-py3-none-any.whl"
            }
          ],
          "project_name": "wheel",
          "requires_dists": [
            "pytest>=6.0.0; extra == \"test\"",
            "setuptools>=65; extra == \"test\""
          ],
          "requires_python": ">=3.7",
          "version": "0.42.0"
        }
      ],
      "platform_tag": [
        "cp312",
        "cp312",
        "macosx_11_0_arm64"
      ]
    }
  ],
  "path_mappings": {},
  "pex_version": "2.1.155",
  "pip_version": "23.2",
  "prefer_older_binary": false,
  "requirements": [
    "Cython==0.29.37",
    "setuptools==69.0.3",
    "wheel==0.42.0"
  ],
  "requires_python": [],
  "resolver_version": "pip-2020-resolver",
  "style": "strict",
  "target_systems": [],
  "transitive": true,
  "use_pep517": null
}
